{
    "_meta": {
        "hash": {
            "sha256": "1c21cbb085b6e086ff0b975dbe55ea91ec2ec7b236005384acf3469e9db3e5dd"
        },
        "pipfile-spec": 6,
        "requires": {
            "python_version": "2.7"
        },
        "sources": [
            {
                "name": "pypi",
                "url": "https://pypi.org/simple",
                "verify_ssl": true
            }
        ]
    },
    "default": {
        "ethereum": {
            "hashes": [
                "sha256:ba247c0852554241917a4f191507a94a41a29cf22b5ed07c1fb7c66421d1defc"
            ],
            "index": "pypi",
            "version": "==2.3.0"
        },
        "future": {
            "hashes": [
                "sha256:e39ced1ab767b5936646cedba8bcce582398233d6a627067d4c6a454c90cfedb"
            ],
            "index": "pypi",
            "version": "==0.16.0"
        },
        "pbkdf2": {
            "hashes": [
                "sha256:ac6397369f128212c43064a2b4878038dab78dab41875364554aaf2a684e6979"
            ],
            "index": "pypi",
            "version": "==1.3"
        },
        "py-ecc": {
            "hashes": [
                "sha256:c7808a70c08bfc5c07b328f4df4406cfd3e365dd81f63bdd997c3c1eae34334a",
                "sha256:f747ea69d40160c0a158c116bc3656eece9457cec446c8bfaffffd62f835de56"
            ],
            "index": "pypi",
            "version": "==1.4.2"
        },
        "pycryptodome": {
            "hashes": [
                "sha256:018d4d2adbd807d3336f49872aa9f019dedfeae54d4787400e091f85254fda0a",
                "sha256:052c53809b04417de9a444e40d45b8b22806a39862460174c205a5d52acb2dd0",
                "sha256:06845706ef2b3f29825dac74692bf3378e7947a170effd2073f8f940d222aa50",
                "sha256:12f77043303fd538ae78781bd1bad5db2483b86867a7833b78ae96f7c3d1d0de",
                "sha256:1f8907222af96df5b17c1342d460bc508dda6a403162b1126ae649c2dd7df218",
                "sha256:32fe94b940cba54a0dd6e0f7b758b07334b9c02970748a7704f43d6d3e2b6525",
                "sha256:37dfac96a70d4b6f61da218f3322a77730f767af874ac06da06a2a52d36b174a",
                "sha256:41293e0ec848757505493cc476685d73f498ab08042ec1f97c33d59831f370b8",
                "sha256:412a6d0ee0bafe7d221f6988e7de845518d98f84e69871e8a9df15c1424e2800",
                "sha256:4b5d1ea8a88898af2c92ff2c113206f8fec04209f0461cc831d6f38d859d5e21",
                "sha256:67027449ee1b2abf873639b61a7f373c99a3f03c3b795bca858b57e114ec379a",
                "sha256:74c32a359cc1a9bfeb46e2ba6ffb35038c72eecb6622743ca7ae919a530e5a5d",
                "sha256:9e40639b3b414eb592ee96d773a950a33e0aae32f705fa30cbca6a6bc0ededec",
                "sha256:a024ac99ce8dec9d78ce82cffb5bc91f09bfa5690c93acb8c94383911a0fb71a",
                "sha256:c06398137f95539468f46197b46bbb193c1e07d51852ca194b1142f88a38c8be",
                "sha256:c340a9f2a77f98e43235e745e679ab361487a7df7b27087d4b2ab491563b0576",
                "sha256:c430bcac1e6d460615d389375608d03e930f0ef9957733bc07d40e4f0219e199",
                "sha256:c90b59e61395467384b3ced7bc1f42951ca68a9684152ea3c7d9d75467ecbdd3",
                "sha256:c95723af7fe6875805e43347a445d7bcd67ce0d51a87dfb848b02fd67a8ffc00",
                "sha256:da21737decc83d3523873b70add82afe4b0403809ff489a27acbfac652772562",
                "sha256:dd53f5bfc3f0660cb4ece3577bf6a4866bf331209b5e018473802c0bb84e0ab1",
                "sha256:e0160c6de1af0434dae0b06a94d708a91468e18003ed2ec21194d8be496df8c2",
                "sha256:eb2f9275399e8f890099ccc7920158e7bd5315375fa18eec0d8d3ce36b14ed69",
                "sha256:f12d7b50faebb269c2f5e5fe9e5c7b1c2d8b98e0f75ce28fc3dbf26bd1f11cf7",
                "sha256:f87f2e4e8320011a5c2d80dd2833c7e24969e3e06a069123e3c73cc1c9ac3fe2",
                "sha256:f9cf995f1c4a1017829e54bed27105f61c14ccbe8d5d46b339d7f8d0a6bca7e2",
                "sha256:fd0bdefde4c11c10db2b1b5f7296cf6570b2c283be6f88c3d6fa2b24847b9e9d"
            ],
            "index": "pypi",
            "version": "==3.6.0"
        },
        "pyethash": {
            "hashes": [
                "sha256:ff66319ce26b9d77df1f610942634dac9742e216f2c27b051c0a2c2dec9c2818"
            ],
            "index": "pypi",
            "version": "==0.1.27"
        },
        "pysha3": {
            "hashes": [
                "sha256:0060a66be16665d90c432f55a0ba1f6480590cfb7d2ad389e688a399183474f0",
                "sha256:11a2ba7a2e1d9669d0052fc8fb30f5661caed5512586ecbeeaf6bf9478ab5c48",
                "sha256:386998ee83e313b6911327174e088021f9f2061cbfa1651b97629b761e9ef5c4",
                "sha256:41be70b06c8775a9e4d4eeb52f2f6a3f356f17539a54eac61f43a29e42fd453d",
                "sha256:4416f16b0f1605c25f627966f76873e432971824778b369bd9ce1bb63d6566d9",
                "sha256:571a246308a7b63f15f5aa9651f99cf30f2a6acba18eddf28f1510935968b603",
                "sha256:59111c08b8f34495575d12e5f2ce3bafb98bea470bc81e70c8b6df99aef0dd2f",
                "sha256:5ec8da7c5c70a53b5fa99094af3ba8d343955b212bc346a0d25f6ff75853999f",
                "sha256:684cb01d87ed6ff466c135f1c83e7e4042d0fc668fa20619f581e6add1d38d77",
                "sha256:68c3a60a39f9179b263d29e221c1bd6e01353178b14323c39cc70593c30f21c5",
                "sha256:6e6a84efb7856f5d760ee55cd2b446972cb7b835676065f6c4f694913ea8f8d9",
                "sha256:827b308dc025efe9b6b7bae36c2e09ed0118a81f792d888548188e97b9bf9a3d",
                "sha256:93abd775dac570cb9951c4e423bcb2bc6303a9d1dc0dc2b7afa2dd401d195b24",
                "sha256:9c778fa8b161dc9348dc5cc361e94d54aa5ff18413788f4641f6600d4893a608",
                "sha256:9fdd28884c5d0b4edfed269b12badfa07f1c89dbc5c9c66dd279833894a9896b",
                "sha256:c7c2adcc43836223680ebdf91f1d3373543dc32747c182c8ca2e02d1b69ce030",
                "sha256:c93a2676e6588abcfaecb73eb14485c81c63b94fca2000a811a7b4fb5937b8e8",
                "sha256:cd5c961b603bd2e6c2b5ef9976f3238a561c58569945d4165efb9b9383b050ef",
                "sha256:f9046d59b3e72aa84f6dae83a040bd1184ebd7fef4e822d38186a8158c89e3cf",
                "sha256:fd7e66999060d079e9c0e8893e78d8017dad4f59721f6fe0be6307cd32127a07",
                "sha256:fe988e73f2ce6d947220624f04d467faf05f1bbdbc64b0a201296bb3af92739e"
            ],
            "index": "pypi",
            "version": "==1.0.2"
        },
        "pyyaml": {
            "hashes": [
                "sha256:16b20e970597e051997d90dc2cddc713a2876c47e3d92d59ee198700c5427736",
                "sha256:3262c96a1ca437e7e4763e2843746588a965426550f3797a79fca9c6199c431f",
                "sha256:592766c6303207a20efc445587778322d7f73b161bd994f227adaa341ba212ab",
                "sha256:5ac82e411044fb129bae5cfbeb3ba626acb2af31a8d17d175004b70862a741a7",
                "sha256:827dc04b8fa7d07c44de11fabbc888e627fa8293b695e0f99cb544fdfa1bf0d1",
                "sha256:bc6bced57f826ca7cb5125a10b23fd0f2fff3b7c4701d64c439a300ce665fff8",
                "sha256:c01b880ec30b5a6e6aa67b09a2fe3fb30473008c85cd6a67359a1b15ed6d83a4",
                "sha256:e863072cdf4c72eebf179342c94e6989c67185842d9997960b3e69290b2fa269"
            ],
            "index": "pypi",
            "version": "==3.12"
        },
        "repoze.lru": {
            "hashes": [
                "sha256:0429a75e19380e4ed50c0694e26ac8819b4ea7851ee1fc7583c8572db80aff77",
                "sha256:f77bf0e1096ea445beadd35f3479c5cff2aa1efe604a133e67150bc8630a62ea"
            ],
            "index": "pypi",
            "version": "==0.7"
        },
        "rlp": {
            "hashes": [
                "sha256:87879a0ba1479b760cee98af165de2eee95258b261faa293199f60742be96f34"
            ],
            "index": "pypi",
            "version": "==0.6.0"
        },
        "scrypt": {
            "hashes": [
                "sha256:18ccbc63d87c6f89b753194194bb37aeaf1abc517e4b989461d115c1d93ce128",
                "sha256:232acdbc3434d2de55def8d5dbf1bc4b9bfc50da7c5741df2a6eebc4e18d3720",
                "sha256:475ac80239b3d788ae71a09c3019ca915e149aaa339adcdd1c9eef121293dc88",
                "sha256:4ad7188f2e42dbee2ff1cd72e3da40b170ba41847effbf0d726444f62ae60f3a",
                "sha256:85919f023148cd9fb01d75ad4e3e061928c298fa6249a0cd6cd469c4b947595e",
                "sha256:971db040d3963ebe4b919a203fe10d7d6659951d3644066314330983dc175ed4",
                "sha256:a124719c686f2b5957e392465147fb3fd6077e7c643e9538cab1ee631eb01dde",
                "sha256:a343c302b3e99dcb7fcbe57aa7919ed761f1568f854291ccebe1b5e6e2c9e509",
                "sha256:bc131f74a688fa09993c518ca666a2ebd4268b207e039cbab03a034228140d3e",
                "sha256:c23daecee405cb036845917295c76f8d747fc890158df40cb304b4b3c3640079",
                "sha256:dc40f0e1a357a49ca62f30f2fc09e92e02c062a656f27949b436b2ba8002d9e1",
                "sha256:f8239b2d47fa1d40bc27efd231dc7083695d10c1c2ac51a99380360741e0362d"
            ],
            "index": "pypi",
            "version": "==0.8.6"
        }
    },
    "develop": {}
}
